{
  "requires": true,
  "lockfileVersion": 1,
  "dependencies": {
    "@mapeditor/tiled-api": {
      "version": "1.6.0",
      "resolved": "https://registry.npmjs.org/@mapeditor/tiled-api/-/tiled-api-1.6.0.tgz",
      "integrity": "sha512-OWpopopTx5PERTQraa5LDjsY6umnRwAVz3I7BumElpeaxdGjDPmYtY/BPf6ytZCPhk7sFBfaykFcq0Fk7uCYLg=="
    }
  }
}
